
Microsoft Visual Studio Solution File, Format Version 12.00
# Visual Studio Version 17
VisualStudioVersion = 17.8.34525.116
MinimumVisualStudioVersion = 10.0.40219.1
Project("{FAE04EC0-301F-11D3-BF4B-00C04F79EFBC}") = "Xadrez-console", "Xadrez-console\Xadrez-console.csproj", "{94828047-35A8-4C4A-BC24-87E0A5200766}"
EndProject
Global
	GlobalSection(SolutionConfigurationPlatforms) = preSolution
		Debug|Any CPU = Debug|Any CPU
		Release|Any CPU = Release|Any CPU
	EndGlobalSection
	GlobalSection(ProjectConfigurationPlatforms) = postSolution
		{94828047-35A8-4C4A-BC24-87E0A5200766}.Debug|Any CPU.ActiveCfg = Debug|Any CPU
		{94828047-35A8-4C4A-BC24-87E0A5200766}.Debug|Any CPU.Build.0 = Debug|Any CPU
		{94828047-35A8-4C4A-BC24-87E0A5200766}.Release|Any CPU.ActiveCfg = Release|Any CPU
		{94828047-35A8-4C4A-BC24-87E0A5200766}.Release|Any CPU.Build.0 = Release|Any CPU
	EndGlobalSection
	GlobalSection(SolutionProperties) = preSolution
		HideSolutionNode = FALSE
	EndGlobalSection
	GlobalSection(ExtensibilityGlobals) = postSolution
		SolutionGuid = {0FFF7A70-BDF4-457A-ABD4-1580EE6EE5A4}
	EndGlobalSection
EndGlobal
